
Microsoft Visual Studio Solution File, Format Version 12.00
# Visual Studio 15
VisualStudioVersion = 15.0.27428.2043
MinimumVisualStudioVersion = 10.0.40219.1
Project("{FAE04EC0-301F-11D3-BF4B-00C04F79EFBC}") = "HelloWPFApp", "HelloWPFApp\HelloWPFApp.csproj", "{B6A12C6F-1F19-474D-BFA8-49E360D46CE0}"
EndProject
Global
	GlobalSection(SolutionConfigurationPlatforms) = preSolution
		Debug|Any CPU = Debug|Any CPU
		Release|Any CPU = Release|Any CPU
	EndGlobalSection
	GlobalSection(ProjectConfigurationPlatforms) = postSolution
		{B6A12C6F-1F19-474D-BFA8-49E360D46CE0}.Debug|Any CPU.ActiveCfg = Debug|Any CPU
		{B6A12C6F-1F19-474D-BFA8-49E360D46CE0}.Debug|Any CPU.Build.0 = Debug|Any CPU
		{B6A12C6F-1F19-474D-BFA8-49E360D46CE0}.Release|Any CPU.ActiveCfg = Release|Any CPU
		{B6A12C6F-1F19-474D-BFA8-49E360D46CE0}.Release|Any CPU.Build.0 = Release|Any CPU
	EndGlobalSection
	GlobalSection(SolutionProperties) = preSolution
		HideSolutionNode = FALSE
	EndGlobalSection
	GlobalSection(ExtensibilityGlobals) = postSolution
		SolutionGuid = {74FF9BFD-7EEE-4B93-899D-B9B1D8F9F005}
	EndGlobalSection
EndGlobal
